
Microsoft Visual Studio Solution File, Format Version 12.00
# Visual Studio Version 16
VisualStudioVersion = 16.0.34031.81
MinimumVisualStudioVersion = 10.0.40219.1
Project("{FAE04EC0-301F-11D3-BF4B-00C04F79EFBC}") = "ZPSB_SPAGETTI", "ZPSB_SPAGETTI\ZPSB_SPAGETTI.csproj", "{4D18D372-4847-4A16-9932-6EA105461CB3}"
EndProject
Global
	GlobalSection(SolutionConfigurationPlatforms) = preSolution
		Debug|Any CPU = Debug|Any CPU
		Release|Any CPU = Release|Any CPU
	EndGlobalSection
	GlobalSection(ProjectConfigurationPlatforms) = postSolution
		{4D18D372-4847-4A16-9932-6EA105461CB3}.Debug|Any CPU.ActiveCfg = Debug|Any CPU
		{4D18D372-4847-4A16-9932-6EA105461CB3}.Debug|Any CPU.Build.0 = Debug|Any CPU
		{4D18D372-4847-4A16-9932-6EA105461CB3}.Release|Any CPU.ActiveCfg = Release|Any CPU
		{4D18D372-4847-4A16-9932-6EA105461CB3}.Release|Any CPU.Build.0 = Release|Any CPU
	EndGlobalSection
	GlobalSection(SolutionProperties) = preSolution
		HideSolutionNode = FALSE
	EndGlobalSection
	GlobalSection(ExtensibilityGlobals) = postSolution
		SolutionGuid = {039C5840-42C5-4BA3-8253-5DA4C6FBFBD0}
	EndGlobalSection
EndGlobal
